
Microsoft Visual Studio Solution File, Format Version 12.00
# Visual Studio Version 17
VisualStudioVersion = 17.5.33516.290
MinimumVisualStudioVersion = 10.0.40219.1
Project("{FAE04EC0-301F-11D3-BF4B-00C04F79EFBC}") = "eTickets", "eTickets.csproj", "{981004C0-CAC4-4B07-AF43-0D2A728A6CC1}"
EndProject
Global
	GlobalSection(SolutionConfigurationPlatforms) = preSolution
		Debug|Any CPU = Debug|Any CPU
		Release|Any CPU = Release|Any CPU
	EndGlobalSection
	GlobalSection(ProjectConfigurationPlatforms) = postSolution
		{981004C0-CAC4-4B07-AF43-0D2A728A6CC1}.Debug|Any CPU.ActiveCfg = Debug|Any CPU
		{981004C0-CAC4-4B07-AF43-0D2A728A6CC1}.Debug|Any CPU.Build.0 = Debug|Any CPU
		{981004C0-CAC4-4B07-AF43-0D2A728A6CC1}.Release|Any CPU.ActiveCfg = Release|Any CPU
		{981004C0-CAC4-4B07-AF43-0D2A728A6CC1}.Release|Any CPU.Build.0 = Release|Any CPU
	EndGlobalSection
	GlobalSection(SolutionProperties) = preSolution
		HideSolutionNode = FALSE
	EndGlobalSection
	GlobalSection(ExtensibilityGlobals) = postSolution
		SolutionGuid = {29063325-15C1-495D-ACFA-529E27E0462E}
	EndGlobalSection
EndGlobal
